// !$*UTF8*$!
{
	archiveVersion = 1;
	classes = {
	};
	objectVersion = 55;
	objects = {

/* Begin PBXBuildFile section */
		23D7EA7505AC7C01FFC0700E /* Pods_FirePerfect.framework in Frameworks */ = {isa = PBXBuildFile; fileRef = 5603055F88ABD4BCFE59CF8E /* Pods_FirePerfect.framework */; };
		AB59DF17271AD1B100B4A1B2 /* FirePerfectApp.swift in Sources */ = {isa = PBXBuildFile; fileRef = AB59DF16271AD1B100B4A1B2 /* FirePerfectApp.swift */; };
		AB59DF19271AD1B100B4A1B2 /* ContentView.swift in Sources */ = {isa = PBXBuildFile; fileRef = AB59DF18271AD1B100B4A1B2 /* ContentView.swift */; };
		AB59DF1B271AD1B200B4A1B2 /* Assets.xcassets in Resources */ = {isa = PBXBuildFile; fileRef = AB59DF1A271AD1B200B4A1B2 /* Assets.xcassets */; };
		AB59DF1E271AD1B200B4A1B2 /* Preview Assets.xcassets in Resources */ = {isa = PBXBuildFile; fileRef = AB59DF1D271AD1B200B4A1B2 /* Preview Assets.xcassets */; };
		AB59DF20271AD1B200B4A1B2 /* Persistence.swift in Sources */ = {isa = PBXBuildFile; fileRef = AB59DF1F271AD1B200B4A1B2 /* Persistence.swift */; };
		AB59DF23271AD1B200B4A1B2 /* FirePerfect.xcdatamodeld in Sources */ = {isa = PBXBuildFile; fileRef = AB59DF21271AD1B200B4A1B2 /* FirePerfect.xcdatamodeld */; };
		AB59DF2D271AD1B200B4A1B2 /* FirePerfectTests.swift in Sources */ = {isa = PBXBuildFile; fileRef = AB59DF2C271AD1B200B4A1B2 /* FirePerfectTests.swift */; };
		AB59DF37271AD1B200B4A1B2 /* FirePerfectUITests.swift in Sources */ = {isa = PBXBuildFile; fileRef = AB59DF36271AD1B200B4A1B2 /* FirePerfectUITests.swift */; };
		AB59DF39271AD1B200B4A1B2 /* FirePerfectUITestsLaunchTests.swift in Sources */ = {isa = PBXBuildFile; fileRef = AB59DF38271AD1B200B4A1B2 /* FirePerfectUITestsLaunchTests.swift */; };
		AB59DF4D271AD8DD00B4A1B2 /* GoogleService-Info.plist in Resources */ = {isa = PBXBuildFile; fileRef = AB59DF4C271AD8DD00B4A1B2 /* GoogleService-Info.plist */; };
		AB59DF50271AD9BB00B4A1B2 /* SignInScreen.swift in Sources */ = {isa = PBXBuildFile; fileRef = AB59DF4F271AD9BB00B4A1B2 /* SignInScreen.swift */; };
		AB59DF52271AD9CA00B4A1B2 /* SignUpScreen.swift in Sources */ = {isa = PBXBuildFile; fileRef = AB59DF51271AD9CA00B4A1B2 /* SignUpScreen.swift */; };
		AB59DF54271AD9D600B4A1B2 /* HomeScreen.swift in Sources */ = {isa = PBXBuildFile; fileRef = AB59DF53271AD9D600B4A1B2 /* HomeScreen.swift */; };
		AB59DF56271AD9ED00B4A1B2 /* StarterScreen.swift in Sources */ = {isa = PBXBuildFile; fileRef = AB59DF55271AD9ED00B4A1B2 /* StarterScreen.swift */; };
		AB81DC6A271ADF81006ED50B /* SessionStore.swift in Sources */ = {isa = PBXBuildFile; fileRef = AB81DC69271ADF81006ED50B /* SessionStore.swift */; };
		AB81DC6E271AE219006ED50B /* User.swift in Sources */ = {isa = PBXBuildFile; fileRef = AB81DC6D271AE219006ED50B /* User.swift */; };
		ABB8BDF5271BE4D600AFEAC9 /* RealTimeStore.swift in Sources */ = {isa = PBXBuildFile; fileRef = ABB8BDF4271BE4D600AFEAC9 /* RealTimeStore.swift */; };
		ABB8BDF7271BE5AB00AFEAC9 /* Contact.swift in Sources */ = {isa = PBXBuildFile; fileRef = ABB8BDF6271BE5AB00AFEAC9 /* Contact.swift */; };
		ABB8BDF9271BEA5A00AFEAC9 /* AddPostScreen.swift in Sources */ = {isa = PBXBuildFile; fileRef = ABB8BDF8271BEA5A00AFEAC9 /* AddPostScreen.swift */; };
		ABB8BDFD271BFF7800AFEAC9 /* ContactCell.swift in Sources */ = {isa = PBXBuildFile; fileRef = ABB8BDFC271BFF7800AFEAC9 /* ContactCell.swift */; };
		C31D84D5A6F84AE47C70FA21 /* Pods_FirePerfect_FirePerfectUITests.framework in Frameworks */ = {isa = PBXBuildFile; fileRef = CDB98AAB2DCCA7862AF22E79 /* Pods_FirePerfect_FirePerfectUITests.framework */; };
		F6064AD40AC1907DB00B7561 /* Pods_FirePerfectTests.framework in Frameworks */ = {isa = PBXBuildFile; fileRef = 92FFE56A62F89CE2BCB43BAA /* Pods_FirePerfectTests.framework */; };
/* End PBXBuildFile section */

/* Begin PBXContainerItemProxy section */
		AB59DF29271AD1B200B4A1B2 /* PBXContainerItemProxy */ = {
			isa = PBXContainerItemProxy;
			containerPortal = AB59DF0B271AD1B100B4A1B2 /* Project object */;
			proxyType = 1;
			remoteGlobalIDString = AB59DF12271AD1B100B4A1B2;
			remoteInfo = FirePerfect;
		};
		AB59DF33271AD1B200B4A1B2 /* PBXContainerItemProxy */ = {
			isa = PBXContainerItemProxy;
			containerPortal = AB59DF0B271AD1B100B4A1B2 /* Project object */;
			proxyType = 1;
			remoteGlobalIDString = AB59DF12271AD1B100B4A1B2;
			remoteInfo = FirePerfect;
		};
/* End PBXContainerItemProxy section */

/* Begin PBXFileReference section */
		2D764C2926C49371A66B7AF6 /* Pods-FirePerfect.debug.xcconfig */ = {isa = PBXFileReference; includeInIndex = 1; lastKnownFileType = text.xcconfig; name = "Pods-FirePerfect.debug.xcconfig"; path = "Target Support Files/Pods-FirePerfect/Pods-FirePerfect.debug.xcconfig"; sourceTree = "<group>"; };
		5603055F88ABD4BCFE59CF8E /* Pods_FirePerfect.framework */ = {isa = PBXFileReference; explicitFileType = wrapper.framework; includeInIndex = 0; path = Pods_FirePerfect.framework; sourceTree = BUILT_PRODUCTS_DIR; };
		56931658B32C68F139FCE1CC /* Pods-FirePerfectTests.debug.xcconfig */ = {isa = PBXFileReference; includeInIndex = 1; lastKnownFileType = text.xcconfig; name = "Pods-FirePerfectTests.debug.xcconfig"; path = "Target Support Files/Pods-FirePerfectTests/Pods-FirePerfectTests.debug.xcconfig"; sourceTree = "<group>"; };
		8247A65FFE7DFD06700727A3 /* Pods-FirePerfect-FirePerfectUITests.debug.xcconfig */ = {isa = PBXFileReference; includeInIndex = 1; lastKnownFileType = text.xcconfig; name = "Pods-FirePerfect-FirePerfectUITests.debug.xcconfig"; path = "Target Support Files/Pods-FirePerfect-FirePerfectUITests/Pods-FirePerfect-FirePerfectUITests.debug.xcconfig"; sourceTree = "<group>"; };
		92FFE56A62F89CE2BCB43BAA /* Pods_FirePerfectTests.framework */ = {isa = PBXFileReference; explicitFileType = wrapper.framework; includeInIndex = 0; path = Pods_FirePerfectTests.framework; sourceTree = BUILT_PRODUCTS_DIR; };
		9577A910C658898AB54645AB /* Pods-FirePerfect.release.xcconfig */ = {isa = PBXFileReference; includeInIndex = 1; lastKnownFileType = text.xcconfig; name = "Pods-FirePerfect.release.xcconfig"; path = "Target Support Files/Pods-FirePerfect/Pods-FirePerfect.release.xcconfig"; sourceTree = "<group>"; };
		AB59DF13271AD1B100B4A1B2 /* FirePerfect.app */ = {isa = PBXFileReference; explicitFileType = wrapper.application; includeInIndex = 0; path = FirePerfect.app; sourceTree = BUILT_PRODUCTS_DIR; };
		AB59DF16271AD1B100B4A1B2 /* FirePerfectApp.swift */ = {isa = PBXFileReference; lastKnownFileType = sourcecode.swift; path = FirePerfectApp.swift; sourceTree = "<group>"; };
		AB59DF18271AD1B100B4A1B2 /* ContentView.swift */ = {isa = PBXFileReference; lastKnownFileType = sourcecode.swift; path = ContentView.swift; sourceTree = "<group>"; };
		AB59DF1A271AD1B200B4A1B2 /* Assets.xcassets */ = {isa = PBXFileReference; lastKnownFileType = folder.assetcatalog; path = Assets.xcassets; sourceTree = "<group>"; };
		AB59DF1D271AD1B200B4A1B2 /* Preview Assets.xcassets */ = {isa = PBXFileReference; lastKnownFileType = folder.assetcatalog; path = "Preview Assets.xcassets"; sourceTree = "<group>"; };
		AB59DF1F271AD1B200B4A1B2 /* Persistence.swift */ = {isa = PBXFileReference; lastKnownFileType = sourcecode.swift; path = Persistence.swift; sourceTree = "<group>"; };
		AB59DF22271AD1B200B4A1B2 /* FirePerfect.xcdatamodel */ = {isa = PBXFileReference; lastKnownFileType = wrapper.xcdatamodel; path = FirePerfect.xcdatamodel; sourceTree = "<group>"; };
		AB59DF28271AD1B200B4A1B2 /* FirePerfectTests.xctest */ = {isa = PBXFileReference; explicitFileType = wrapper.cfbundle; includeInIndex = 0; path = FirePerfectTests.xctest; sourceTree = BUILT_PRODUCTS_DIR; };
		AB59DF2C271AD1B200B4A1B2 /* FirePerfectTests.swift */ = {isa = PBXFileReference; lastKnownFileType = sourcecode.swift; path = FirePerfectTests.swift; sourceTree = "<group>"; };
		AB59DF32271AD1B200B4A1B2 /* FirePerfectUITests.xctest */ = {isa = PBXFileReference; explicitFileType = wrapper.cfbundle; includeInIndex = 0; path = FirePerfectUITests.xctest; sourceTree = BUILT_PRODUCTS_DIR; };
		AB59DF36271AD1B200B4A1B2 /* FirePerfectUITests.swift */ = {isa = PBXFileReference; lastKnownFileType = sourcecode.swift; path = FirePerfectUITests.swift; sourceTree = "<group>"; };
		AB59DF38271AD1B200B4A1B2 /* FirePerfectUITestsLaunchTests.swift */ = {isa = PBXFileReference; lastKnownFileType = sourcecode.swift; path = FirePerfectUITestsLaunchTests.swift; sourceTree = "<group>"; };
		AB59DF4C271AD8DD00B4A1B2 /* GoogleService-Info.plist */ = {isa = PBXFileReference; fileEncoding = 4; lastKnownFileType = text.plist.xml; path = "GoogleService-Info.plist"; sourceTree = "<group>"; };
		AB59DF4F271AD9BB00B4A1B2 /* SignInScreen.swift */ = {isa = PBXFileReference; lastKnownFileType = sourcecode.swift; path = SignInScreen.swift; sourceTree = "<group>"; };
		AB59DF51271AD9CA00B4A1B2 /* SignUpScreen.swift */ = {isa = PBXFileReference; lastKnownFileType = sourcecode.swift; path = SignUpScreen.swift; sourceTree = "<group>"; };
		AB59DF53271AD9D600B4A1B2 /* HomeScreen.swift */ = {isa = PBXFileReference; lastKnownFileType = sourcecode.swift; path = HomeScreen.swift; sourceTree = "<group>"; };
		AB59DF55271AD9ED00B4A1B2 /* StarterScreen.swift */ = {isa = PBXFileReference; lastKnownFileType = sourcecode.swift; path = StarterScreen.swift; sourceTree = "<group>"; };
		AB81DC69271ADF81006ED50B /* SessionStore.swift */ = {isa = PBXFileReference; lastKnownFileType = sourcecode.swift; path = SessionStore.swift; sourceTree = "<group>"; };
		AB81DC6D271AE219006ED50B /* User.swift */ = {isa = PBXFileReference; lastKnownFileType = sourcecode.swift; path = User.swift; sourceTree = "<group>"; };
		ABB8BDF4271BE4D600AFEAC9 /* RealTimeStore.swift */ = {isa = PBXFileReference; lastKnownFileType = sourcecode.swift; path = RealTimeStore.swift; sourceTree = "<group>"; };
		ABB8BDF6271BE5AB00AFEAC9 /* Contact.swift */ = {isa = PBXFileReference; lastKnownFileType = sourcecode.swift; path = Contact.swift; sourceTree = "<group>"; };
		ABB8BDF8271BEA5A00AFEAC9 /* AddPostScreen.swift */ = {isa = PBXFileReference; lastKnownFileType = sourcecode.swift; path = AddPostScreen.swift; sourceTree = "<group>"; };
		ABB8BDFC271BFF7800AFEAC9 /* ContactCell.swift */ = {isa = PBXFileReference; lastKnownFileType = sourcecode.swift; path = ContactCell.swift; sourceTree = "<group>"; };
		CDB98AAB2DCCA7862AF22E79 /* Pods_FirePerfect_FirePerfectUITests.framework */ = {isa = PBXFileReference; explicitFileType = wrapper.framework; includeInIndex = 0; path = Pods_FirePerfect_FirePerfectUITests.framework; sourceTree = BUILT_PRODUCTS_DIR; };
		E2B721922E5ACEFC322144C8 /* Pods-FirePerfect-FirePerfectUITests.release.xcconfig */ = {isa = PBXFileReference; includeInIndex = 1; lastKnownFileType = text.xcconfig; name = "Pods-FirePerfect-FirePerfectUITests.release.xcconfig"; path = "Target Support Files/Pods-FirePerfect-FirePerfectUITests/Pods-FirePerfect-FirePerfectUITests.release.xcconfig"; sourceTree = "<group>"; };
		F51BF9BE6A0E449B5BA372BD /* Pods-FirePerfectTests.release.xcconfig */ = {isa = PBXFileReference; includeInIndex = 1; lastKnownFileType = text.xcconfig; name = "Pods-FirePerfectTests.release.xcconfig"; path = "Target Support Files/Pods-FirePerfectTests/Pods-FirePerfectTests.release.xcconfig"; sourceTree = "<group>"; };
/* End PBXFileReference section */

/* Begin PBXFrameworksBuildPhase section */
		AB59DF10271AD1B100B4A1B2 /* Frameworks */ = {
			isa = PBXFrameworksBuildPhase;
			buildActionMask = 2147483647;
			files = (
				23D7EA7505AC7C01FFC0700E /* Pods_FirePerfect.framework in Frameworks */,
			);
			runOnlyForDeploymentPostprocessing = 0;
		};
		AB59DF25271AD1B200B4A1B2 /* Frameworks */ = {
			isa = PBXFrameworksBuildPhase;
			buildActionMask = 2147483647;
			files = (
				F6064AD40AC1907DB00B7561 /* Pods_FirePerfectTests.framework in Frameworks */,
			);
			runOnlyForDeploymentPostprocessing = 0;
		};
		AB59DF2F271AD1B200B4A1B2 /* Frameworks */ = {
			isa = PBXFrameworksBuildPhase;
			buildActionMask = 2147483647;
			files = (
				C31D84D5A6F84AE47C70FA21 /* Pods_FirePerfect_FirePerfectUITests.framework in Frameworks */,
			);
			runOnlyForDeploymentPostprocessing = 0;
		};
/* End PBXFrameworksBuildPhase section */

/* Begin PBXGroup section */
		AB59DF0A271AD1B100B4A1B2 = {
			isa = PBXGroup;
			children = (
				AB59DF15271AD1B100B4A1B2 /* FirePerfect */,
				AB59DF2B271AD1B200B4A1B2 /* FirePerfectTests */,
				AB59DF35271AD1B200B4A1B2 /* FirePerfectUITests */,
				AB59DF14271AD1B100B4A1B2 /* Products */,
				BEB0EE895E706A7F86953315 /* Pods */,
				EBDD839ABF2E03DBB518B56C /* Frameworks */,
			);
			sourceTree = "<group>";
		};
		AB59DF14271AD1B100B4A1B2 /* Products */ = {
			isa = PBXGroup;
			children = (
				AB59DF13271AD1B100B4A1B2 /* FirePerfect.app */,
				AB59DF28271AD1B200B4A1B2 /* FirePerfectTests.xctest */,
				AB59DF32271AD1B200B4A1B2 /* FirePerfectUITests.xctest */,
			);
			name = Products;
			sourceTree = "<group>";
		};
		AB59DF15271AD1B100B4A1B2 /* FirePerfect */ = {
			isa = PBXGroup;
			children = (
				ABB8BDFB271BFF6100AFEAC9 /* cell */,
				AB81DC6C271ADFE6006ED50B /* model */,
				AB59DF57271ADC6000B4A1B2 /* network */,
				AB59DF4E271AD99A00B4A1B2 /* AllScreens */,
				AB59DF16271AD1B100B4A1B2 /* FirePerfectApp.swift */,
				AB59DF1F271AD1B200B4A1B2 /* Persistence.swift */,
				AB59DF21271AD1B200B4A1B2 /* FirePerfect.xcdatamodeld */,
				AB59DF4C271AD8DD00B4A1B2 /* GoogleService-Info.plist */,
				AB59DF45271AD28500B4A1B2 /* app Utlls */,
				AB59DF1C271AD1B200B4A1B2 /* Preview Content */,
			);
			path = FirePerfect;
			sourceTree = "<group>";
		};
		AB59DF1C271AD1B200B4A1B2 /* Preview Content */ = {
			isa = PBXGroup;
			children = (
				AB59DF1D271AD1B200B4A1B2 /* Preview Assets.xcassets */,
			);
			path = "Preview Content";
			sourceTree = "<group>";
		};
		AB59DF2B271AD1B200B4A1B2 /* FirePerfectTests */ = {
			isa = PBXGroup;
			children = (
				AB59DF2C271AD1B200B4A1B2 /* FirePerfectTests.swift */,
			);
			path = FirePerfectTests;
			sourceTree = "<group>";
		};
		AB59DF35271AD1B200B4A1B2 /* FirePerfectUITests */ = {
			isa = PBXGroup;
			children = (
				AB59DF36271AD1B200B4A1B2 /* FirePerfectUITests.swift */,
				AB59DF38271AD1B200B4A1B2 /* FirePerfectUITestsLaunchTests.swift */,
			);
			path = FirePerfectUITests;
			sourceTree = "<group>";
		};
		AB59DF45271AD28500B4A1B2 /* app Utlls */ = {
			isa = PBXGroup;
			children = (
				AB59DF1A271AD1B200B4A1B2 /* Assets.xcassets */,
				AB59DF18271AD1B100B4A1B2 /* ContentView.swift */,
			);
			path = "app Utlls";
			sourceTree = "<group>";
		};
		AB59DF4E271AD99A00B4A1B2 /* AllScreens */ = {
			isa = PBXGroup;
			children = (
				AB59DF4F271AD9BB00B4A1B2 /* SignInScreen.swift */,
				AB59DF51271AD9CA00B4A1B2 /* SignUpScreen.swift */,
				AB59DF53271AD9D600B4A1B2 /* HomeScreen.swift */,
				AB59DF55271AD9ED00B4A1B2 /* StarterScreen.swift */,
				ABB8BDF8271BEA5A00AFEAC9 /* AddPostScreen.swift */,
			);
			path = AllScreens;
			sourceTree = "<group>";
		};
		AB59DF57271ADC6000B4A1B2 /* network */ = {
			isa = PBXGroup;
			children = (
				AB81DC69271ADF81006ED50B /* SessionStore.swift */,
				ABB8BDF4271BE4D600AFEAC9 /* RealTimeStore.swift */,
			);
			path = network;
			sourceTree = "<group>";
		};
		AB81DC6C271ADFE6006ED50B /* model */ = {
			isa = PBXGroup;
			children = (
				AB81DC6D271AE219006ED50B /* User.swift */,
				ABB8BDF6271BE5AB00AFEAC9 /* Contact.swift */,
			);
			path = model;
			sourceTree = "<group>";
		};
		ABB8BDFB271BFF6100AFEAC9 /* cell */ = {
			isa = PBXGroup;
			children = (
				ABB8BDFC271BFF7800AFEAC9 /* ContactCell.swift */,
			);
			path = cell;
			sourceTree = "<group>";
		};
		BEB0EE895E706A7F86953315 /* Pods */ = {
			isa = PBXGroup;
			children = (
				2D764C2926C49371A66B7AF6 /* Pods-FirePerfect.debug.xcconfig */,
				9577A910C658898AB54645AB /* Pods-FirePerfect.release.xcconfig */,
				8247A65FFE7DFD06700727A3 /* Pods-FirePerfect-FirePerfectUITests.debug.xcconfig */,
				E2B721922E5ACEFC322144C8 /* Pods-FirePerfect-FirePerfectUITests.release.xcconfig */,
				56931658B32C68F139FCE1CC /* Pods-FirePerfectTests.debug.xcconfig */,
				F51BF9BE6A0E449B5BA372BD /* Pods-FirePerfectTests.release.xcconfig */,
			);
			path = Pods;
			sourceTree = "<group>";
		};
		EBDD839ABF2E03DBB518B56C /* Frameworks */ = {
			isa = PBXGroup;
			children = (
				5603055F88ABD4BCFE59CF8E /* Pods_FirePerfect.framework */,
				CDB98AAB2DCCA7862AF22E79 /* Pods_FirePerfect_FirePerfectUITests.framework */,
				92FFE56A62F89CE2BCB43BAA /* Pods_FirePerfectTests.framework */,
			);
			name = Frameworks;
			sourceTree = "<group>";
		};
/* End PBXGroup section */

/* Begin PBXNativeTarget section */
		AB59DF12271AD1B100B4A1B2 /* FirePerfect */ = {
			isa = PBXNativeTarget;
			buildConfigurationList = AB59DF3C271AD1B200B4A1B2 /* Build configuration list for PBXNativeTarget "FirePerfect" */;
			buildPhases = (
				4577280D077A80C1B2A88A75 /* [CP] Check Pods Manifest.lock */,
				AB59DF0F271AD1B100B4A1B2 /* Sources */,
				AB59DF10271AD1B100B4A1B2 /* Frameworks */,
				AB59DF11271AD1B100B4A1B2 /* Resources */,
				CA809D9B91788EA1EB659994 /* [CP] Embed Pods Frameworks */,
			);
			buildRules = (
			);
			dependencies = (
			);
			name = FirePerfect;
			productName = FirePerfect;
			productReference = AB59DF13271AD1B100B4A1B2 /* FirePerfect.app */;
			productType = "com.apple.product-type.application";
		};
		AB59DF27271AD1B200B4A1B2 /* FirePerfectTests */ = {
			isa = PBXNativeTarget;
			buildConfigurationList = AB59DF3F271AD1B200B4A1B2 /* Build configuration list for PBXNativeTarget "FirePerfectTests" */;
			buildPhases = (
				DCAB8779CD4D4F99FB271D6C /* [CP] Check Pods Manifest.lock */,
				AB59DF24271AD1B200B4A1B2 /* Sources */,
				AB59DF25271AD1B200B4A1B2 /* Frameworks */,
				AB59DF26271AD1B200B4A1B2 /* Resources */,
			);
			buildRules = (
			);
			dependencies = (
				AB59DF2A271AD1B200B4A1B2 /* PBXTargetDependency */,
			);
			name = FirePerfectTests;
			productName = FirePerfectTests;
			productReference = AB59DF28271AD1B200B4A1B2 /* FirePerfectTests.xctest */;
			productType = "com.apple.product-type.bundle.unit-test";
		};
		AB59DF31271AD1B200B4A1B2 /* FirePerfectUITests */ = {
			isa = PBXNativeTarget;
			buildConfigurationList = AB59DF42271AD1B200B4A1B2 /* Build configuration list for PBXNativeTarget "FirePerfectUITests" */;
			buildPhases = (
				1D6D42EC6E2863968039BB9C /* [CP] Check Pods Manifest.lock */,
				AB59DF2E271AD1B200B4A1B2 /* Sources */,
				AB59DF2F271AD1B200B4A1B2 /* Frameworks */,
				AB59DF30271AD1B200B4A1B2 /* Resources */,
				1A1A6D0D432F78F4FAB6BD02 /* [CP] Embed Pods Frameworks */,
			);
			buildRules = (
			);
			dependencies = (
				AB59DF34271AD1B200B4A1B2 /* PBXTargetDependency */,
			);
			name = FirePerfectUITests;
			productName = FirePerfectUITests;
			productReference = AB59DF32271AD1B200B4A1B2 /* FirePerfectUITests.xctest */;
			productType = "com.apple.product-type.bundle.ui-testing";
		};
/* End PBXNativeTarget section */

/* Begin PBXProject section */
		AB59DF0B271AD1B100B4A1B2 /* Project object */ = {
			isa = PBXProject;
			attributes = {
				BuildIndependentTargetsInParallel = 1;
				LastSwiftUpdateCheck = 1300;
				LastUpgradeCheck = 1300;
				TargetAttributes = {
					AB59DF12271AD1B100B4A1B2 = {
						CreatedOnToolsVersion = 13.0;
					};
					AB59DF27271AD1B200B4A1B2 = {
						CreatedOnToolsVersion = 13.0;
						TestTargetID = AB59DF12271AD1B100B4A1B2;
					};
					AB59DF31271AD1B200B4A1B2 = {
						CreatedOnToolsVersion = 13.0;
						TestTargetID = AB59DF12271AD1B100B4A1B2;
					};
				};
			};
			buildConfigurationList = AB59DF0E271AD1B100B4A1B2 /* Build configuration list for PBXProject "FirePerfect" */;
			compatibilityVersion = "Xcode 13.0";
			developmentRegion = en;
			hasScannedForEncodings = 0;
			knownRegions = (
				en,
				Base,
			);
			mainGroup = AB59DF0A271AD1B100B4A1B2;
			productRefGroup = AB59DF14271AD1B100B4A1B2 /* Products */;
			projectDirPath = "";
			projectRoot = "";
			targets = (
				AB59DF12271AD1B100B4A1B2 /* FirePerfect */,
				AB59DF27271AD1B200B4A1B2 /* FirePerfectTests */,
				AB59DF31271AD1B200B4A1B2 /* FirePerfectUITests */,
			);
		};
/* End PBXProject section */

/* Begin PBXResourcesBuildPhase section */
		AB59DF11271AD1B100B4A1B2 /* Resources */ = {
			isa = PBXResourcesBuildPhase;
			buildActionMask = 2147483647;
			files = (
				AB59DF1E271AD1B200B4A1B2 /* Preview Assets.xcassets in Resources */,
				AB59DF1B271AD1B200B4A1B2 /* Assets.xcassets in Resources */,
				AB59DF4D271AD8DD00B4A1B2 /* GoogleService-Info.plist in Resources */,
			);
			runOnlyForDeploymentPostprocessing = 0;
		};
		AB59DF26271AD1B200B4A1B2 /* Resources */ = {
			isa = PBXResourcesBuildPhase;
			buildActionMask = 2147483647;
			files = (
			);
			runOnlyForDeploymentPostprocessing = 0;
		};
		AB59DF30271AD1B200B4A1B2 /* Resources */ = {
			isa = PBXResourcesBuildPhase;
			buildActionMask = 2147483647;
			files = (
			);
			runOnlyForDeploymentPostprocessing = 0;
		};
/* End PBXResourcesBuildPhase section */

/* Begin PBXShellScriptBuildPhase section */
		1A1A6D0D432F78F4FAB6BD02 /* [CP] Embed Pods Frameworks */ = {
			isa = PBXShellScriptBuildPhase;
			buildActionMask = 2147483647;
			files = (
			);
			inputFileListPaths = (
				"${PODS_ROOT}/Target Support Files/Pods-FirePerfect-FirePerfectUITests/Pods-FirePerfect-FirePerfectUITests-frameworks-${CONFIGURATION}-input-files.xcfilelist",
			);
			name = "[CP] Embed Pods Frameworks";
			outputFileListPaths = (
				"${PODS_ROOT}/Target Support Files/Pods-FirePerfect-FirePerfectUITests/Pods-FirePerfect-FirePerfectUITests-frameworks-${CONFIGURATION}-output-files.xcfilelist",
			);
			runOnlyForDeploymentPostprocessing = 0;
			shellPath = /bin/sh;
			shellScript = "\"${PODS_ROOT}/Target Support Files/Pods-FirePerfect-FirePerfectUITests/Pods-FirePerfect-FirePerfectUITests-frameworks.sh\"\n";
			showEnvVarsInLog = 0;
		};
		1D6D42EC6E2863968039BB9C /* [CP] Check Pods Manifest.lock */ = {
			isa = PBXShellScriptBuildPhase;
			buildActionMask = 2147483647;
			files = (
			);
			inputFileListPaths = (
			);
			inputPaths = (
				"${PODS_PODFILE_DIR_PATH}/Podfile.lock",
				"${PODS_ROOT}/Manifest.lock",
			);
			name = "[CP] Check Pods Manifest.lock";
			outputFileListPaths = (
			);
			outputPaths = (
				"$(DERIVED_FILE_DIR)/Pods-FirePerfect-FirePerfectUITests-checkManifestLockResult.txt",
			);
			runOnlyForDeploymentPostprocessing = 0;
			shellPath = /bin/sh;
			shellScript = "diff \"${PODS_PODFILE_DIR_PATH}/Podfile.lock\" \"${PODS_ROOT}/Manifest.lock\" > /dev/null\nif [ $? != 0 ] ; then\n    # print error to STDERR\n    echo \"error: The sandbox is not in sync with the Podfile.lock. Run 'pod install' or update your CocoaPods installation.\" >&2\n    exit 1\nfi\n# This output is used by Xcode 'outputs' to avoid re-running this script phase.\necho \"SUCCESS\" > \"${SCRIPT_OUTPUT_FILE_0}\"\n";
			showEnvVarsInLog = 0;
		};
		4577280D077A80C1B2A88A75 /* [CP] Check Pods Manifest.lock */ = {
			isa = PBXShellScriptBuildPhase;
			buildActionMask = 2147483647;
			files = (
			);
			inputFileListPaths = (
			);
			inputPaths = (
				"${PODS_PODFILE_DIR_PATH}/Podfile.lock",
				"${PODS_ROOT}/Manifest.lock",
			);
			name = "[CP] Check Pods Manifest.lock";
			outputFileListPaths = (
			);
			outputPaths = (
				"$(DERIVED_FILE_DIR)/Pods-FirePerfect-checkManifestLockResult.txt",
			);
			runOnlyForDeploymentPostprocessing = 0;
			shellPath = /bin/sh;
			shellScript = "diff \"${PODS_PODFILE_DIR_PATH}/Podfile.lock\" \"${PODS_ROOT}/Manifest.lock\" > /dev/null\nif [ $? != 0 ] ; then\n    # print error to STDERR\n    echo \"error: The sandbox is not in sync with the Podfile.lock. Run 'pod install' or update your CocoaPods installation.\" >&2\n    exit 1\nfi\n# This output is used by Xcode 'outputs' to avoid re-running this script phase.\necho \"SUCCESS\" > \"${SCRIPT_OUTPUT_FILE_0}\"\n";
			showEnvVarsInLog = 0;
		};
		CA809D9B91788EA1EB659994 /* [CP] Embed Pods Frameworks */ = {
			isa = PBXShellScriptBuildPhase;
			buildActionMask = 2147483647;
			files = (
			);
			inputFileListPaths = (
				"${PODS_ROOT}/Target Support Files/Pods-FirePerfect/Pods-FirePerfect-frameworks-${CONFIGURATION}-input-files.xcfilelist",
			);
			name = "[CP] Embed Pods Frameworks";
			outputFileListPaths = (
				"${PODS_ROOT}/Target Support Files/Pods-FirePerfect/Pods-FirePerfect-frameworks-${CONFIGURATION}-output-files.xcfilelist",
			);
			runOnlyForDeploymentPostprocessing = 0;
			shellPath = /bin/sh;
			shellScript = "\"${PODS_ROOT}/Target Support Files/Pods-FirePerfect/Pods-FirePerfect-frameworks.sh\"\n";
			showEnvVarsInLog = 0;
		};
		DCAB8779CD4D4F99FB271D6C /* [CP] Check Pods Manifest.lock */ = {
			isa = PBXShellScriptBuildPhase;
			buildActionMask = 2147483647;
			files = (
			);
			inputFileListPaths = (
			);
			inputPaths = (
				"${PODS_PODFILE_DIR_PATH}/Podfile.lock",
				"${PODS_ROOT}/Manifest.lock",
			);
			name = "[CP] Check Pods Manifest.lock";
			outputFileListPaths = (
			);
			outputPaths = (
				"$(DERIVED_FILE_DIR)/Pods-FirePerfectTests-checkManifestLockResult.txt",
			);
			runOnlyForDeploymentPostprocessing = 0;
			shellPath = /bin/sh;
			shellScript = "diff \"${PODS_PODFILE_DIR_PATH}/Podfile.lock\" \"${PODS_ROOT}/Manifest.lock\" > /dev/null\nif [ $? != 0 ] ; then\n    # print error to STDERR\n    echo \"error: The sandbox is not in sync with the Podfile.lock. Run 'pod install' or update your CocoaPods installation.\" >&2\n    exit 1\nfi\n# This output is used by Xcode 'outputs' to avoid re-running this script phase.\necho \"SUCCESS\" > \"${SCRIPT_OUTPUT_FILE_0}\"\n";
			showEnvVarsInLog = 0;
		};
/* End PBXShellScriptBuildPhase section */

/* Begin PBXSourcesBuildPhase section */
		AB59DF0F271AD1B100B4A1B2 /* Sources */ = {
			isa = PBXSourcesBuildPhase;
			buildActionMask = 2147483647;
			files = (
				ABB8BDF9271BEA5A00AFEAC9 /* AddPostScreen.swift in Sources */,
				ABB8BDF7271BE5AB00AFEAC9 /* Contact.swift in Sources */,
				AB59DF20271AD1B200B4A1B2 /* Persistence.swift in Sources */,
				AB59DF50271AD9BB00B4A1B2 /* SignInScreen.swift in Sources */,
				AB59DF54271AD9D600B4A1B2 /* HomeScreen.swift in Sources */,
				AB59DF56271AD9ED00B4A1B2 /* StarterScreen.swift in Sources */,
				AB59DF19271AD1B100B4A1B2 /* ContentView.swift in Sources */,
				AB81DC6A271ADF81006ED50B /* SessionStore.swift in Sources */,
				AB59DF17271AD1B100B4A1B2 /* FirePerfectApp.swift in Sources */,
				AB59DF23271AD1B200B4A1B2 /* FirePerfect.xcdatamodeld in Sources */,
				AB81DC6E271AE219006ED50B /* User.swift in Sources */,
				AB59DF52271AD9CA00B4A1B2 /* SignUpScreen.swift in Sources */,
				ABB8BDFD271BFF7800AFEAC9 /* ContactCell.swift in Sources */,
				ABB8BDF5271BE4D600AFEAC9 /* RealTimeStore.swift in Sources */,
			);
			runOnlyForDeploymentPostprocessing = 0;
		};
		AB59DF24271AD1B200B4A1B2 /* Sources */ = {
			isa = PBXSourcesBuildPhase;
			buildActionMask = 2147483647;
			files = (
				AB59DF2D271AD1B200B4A1B2 /* FirePerfectTests.swift in Sources */,
			);
			runOnlyForDeploymentPostprocessing = 0;
		};
		AB59DF2E271AD1B200B4A1B2 /* Sources */ = {
			isa = PBXSourcesBuildPhase;
			buildActionMask = 2147483647;
			files = (
				AB59DF39271AD1B200B4A1B2 /* FirePerfectUITestsLaunchTests.swift in Sources */,
				AB59DF37271AD1B200B4A1B2 /* FirePerfectUITests.swift in Sources */,
			);
			runOnlyForDeploymentPostprocessing = 0;
		};
/* End PBXSourcesBuildPhase section */

/* Begin PBXTargetDependency section */
		AB59DF2A271AD1B200B4A1B2 /* PBXTargetDependency */ = {
			isa = PBXTargetDependency;
			target = AB59DF12271AD1B100B4A1B2 /* FirePerfect */;
			targetProxy = AB59DF29271AD1B200B4A1B2 /* PBXContainerItemProxy */;
		};
		AB59DF34271AD1B200B4A1B2 /* PBXTargetDependency */ = {
			isa = PBXTargetDependency;
			target = AB59DF12271AD1B100B4A1B2 /* FirePerfect */;
			targetProxy = AB59DF33271AD1B200B4A1B2 /* PBXContainerItemProxy */;
		};
/* End PBXTargetDependency section */

/* Begin XCBuildConfiguration section */
		AB59DF3A271AD1B200B4A1B2 /* Debug */ = {
			isa = XCBuildConfiguration;
			buildSettings = {
				ALWAYS_SEARCH_USER_PATHS = NO;
				CLANG_ANALYZER_NONNULL = YES;
				CLANG_ANALYZER_NUMBER_OBJECT_CONVERSION = YES_AGGRESSIVE;
				CLANG_CXX_LANGUAGE_STANDARD = "gnu++17";
				CLANG_CXX_LIBRARY = "libc++";
				CLANG_ENABLE_MODULES = YES;
				CLANG_ENABLE_OBJC_ARC = YES;
				CLANG_ENABLE_OBJC_WEAK = YES;
				CLANG_WARN_BLOCK_CAPTURE_AUTORELEASING = YES;
				CLANG_WARN_BOOL_CONVERSION = YES;
				CLANG_WARN_COMMA = YES;
				CLANG_WARN_CONSTANT_CONVERSION = YES;
				CLANG_WARN_DEPRECATED_OBJC_IMPLEMENTATIONS = YES;
				CLANG_WARN_DIRECT_OBJC_ISA_USAGE = YES_ERROR;
				CLANG_WARN_DOCUMENTATION_COMMENTS = YES;
				CLANG_WARN_EMPTY_BODY = YES;
				CLANG_WARN_ENUM_CONVERSION = YES;
				CLANG_WARN_INFINITE_RECURSION = YES;
				CLANG_WARN_INT_CONVERSION = YES;
				CLANG_WARN_NON_LITERAL_NULL_CONVERSION = YES;
				CLANG_WARN_OBJC_IMPLICIT_RETAIN_SELF = YES;
				CLANG_WARN_OBJC_LITERAL_CONVERSION = YES;
				CLANG_WARN_OBJC_ROOT_CLASS = YES_ERROR;
				CLANG_WARN_QUOTED_INCLUDE_IN_FRAMEWORK_HEADER = YES;
				CLANG_WARN_RANGE_LOOP_ANALYSIS = YES;
				CLANG_WARN_STRICT_PROTOTYPES = YES;
				CLANG_WARN_SUSPICIOUS_MOVE = YES;
				CLANG_WARN_UNGUARDED_AVAILABILITY = YES_AGGRESSIVE;
				CLANG_WARN_UNREACHABLE_CODE = YES;
				CLANG_WARN__DUPLICATE_METHOD_MATCH = YES;
				COPY_PHASE_STRIP = NO;
				DEBUG_INFORMATION_FORMAT = dwarf;
				ENABLE_STRICT_OBJC_MSGSEND = YES;
				ENABLE_TESTABILITY = YES;
				GCC_C_LANGUAGE_STANDARD = gnu11;
				GCC_DYNAMIC_NO_PIC = NO;
				GCC_NO_COMMON_BLOCKS = YES;
				GCC_OPTIMIZATION_LEVEL = 0;
				GCC_PREPROCESSOR_DEFINITIONS = (
					"DEBUG=1",
					"$(inherited)",
				);
				GCC_WARN_64_TO_32_BIT_CONVERSION = YES;
				GCC_WARN_ABOUT_RETURN_TYPE = YES_ERROR;
				GCC_WARN_UNDECLARED_SELECTOR = YES;
				GCC_WARN_UNINITIALIZED_AUTOS = YES_AGGRESSIVE;
				GCC_WARN_UNUSED_FUNCTION = YES;
				GCC_WARN_UNUSED_VARIABLE = YES;
				IPHONEOS_DEPLOYMENT_TARGET = 15.0;
				MTL_ENABLE_DEBUG_INFO = INCLUDE_SOURCE;
				MTL_FAST_MATH = YES;
				ONLY_ACTIVE_ARCH = YES;
				SDKROOT = iphoneos;
				SWIFT_ACTIVE_COMPILATION_CONDITIONS = DEBUG;
				SWIFT_OPTIMIZATION_LEVEL = "-Onone";
			};
			name = Debug;
		};
		AB59DF3B271AD1B200B4A1B2 /* Release */ = {
			isa = XCBuildConfiguration;
			buildSettings = {
				ALWAYS_SEARCH_USER_PATHS = NO;
				CLANG_ANALYZER_NONNULL = YES;
				CLANG_ANALYZER_NUMBER_OBJECT_CONVERSION = YES_AGGRESSIVE;
				CLANG_CXX_LANGUAGE_STANDARD = "gnu++17";
				CLANG_CXX_LIBRARY = "libc++";
				CLANG_ENABLE_MODULES = YES;
				CLANG_ENABLE_OBJC_ARC = YES;
				CLANG_ENABLE_OBJC_WEAK = YES;
				CLANG_WARN_BLOCK_CAPTURE_AUTORELEASING = YES;
				CLANG_WARN_BOOL_CONVERSION = YES;
				CLANG_WARN_COMMA = YES;
				CLANG_WARN_CONSTANT_CONVERSION = YES;
				CLANG_WARN_DEPRECATED_OBJC_IMPLEMENTATIONS = YES;
				CLANG_WARN_DIRECT_OBJC_ISA_USAGE = YES_ERROR;
				CLANG_WARN_DOCUMENTATION_COMMENTS = YES;
				CLANG_WARN_EMPTY_BODY = YES;
				CLANG_WARN_ENUM_CONVERSION = YES;
				CLANG_WARN_INFINITE_RECURSION = YES;
				CLANG_WARN_INT_CONVERSION = YES;
				CLANG_WARN_NON_LITERAL_NULL_CONVERSION = YES;
				CLANG_WARN_OBJC_IMPLICIT_RETAIN_SELF = YES;
				CLANG_WARN_OBJC_LITERAL_CONVERSION = YES;
				CLANG_WARN_OBJC_ROOT_CLASS = YES_ERROR;
				CLANG_WARN_QUOTED_INCLUDE_IN_FRAMEWORK_HEADER = YES;
				CLANG_WARN_RANGE_LOOP_ANALYSIS = YES;
				CLANG_WARN_STRICT_PROTOTYPES = YES;
				CLANG_WARN_SUSPICIOUS_MOVE = YES;
				CLANG_WARN_UNGUARDED_AVAILABILITY = YES_AGGRESSIVE;
				CLANG_WARN_UNREACHABLE_CODE = YES;
				CLANG_WARN__DUPLICATE_METHOD_MATCH = YES;
				COPY_PHASE_STRIP = NO;
				DEBUG_INFORMATION_FORMAT = "dwarf-with-dsym";
				ENABLE_NS_ASSERTIONS = NO;
				ENABLE_STRICT_OBJC_MSGSEND = YES;
				GCC_C_LANGUAGE_STANDARD = gnu11;
				GCC_NO_COMMON_BLOCKS = YES;
				GCC_WARN_64_TO_32_BIT_CONVERSION = YES;
				GCC_WARN_ABOUT_RETURN_TYPE = YES_ERROR;
				GCC_WARN_UNDECLARED_SELECTOR = YES;
				GCC_WARN_UNINITIALIZED_AUTOS = YES_AGGRESSIVE;
				GCC_WARN_UNUSED_FUNCTION = YES;
				GCC_WARN_UNUSED_VARIABLE = YES;
				IPHONEOS_DEPLOYMENT_TARGET = 15.0;
				MTL_ENABLE_DEBUG_INFO = NO;
				MTL_FAST_MATH = YES;
				SDKROOT = iphoneos;
				SWIFT_COMPILATION_MODE = wholemodule;
				SWIFT_OPTIMIZATION_LEVEL = "-O";
				VALIDATE_PRODUCT = YES;
			};
			name = Release;
		};
		AB59DF3D271AD1B200B4A1B2 /* Debug */ = {
			isa = XCBuildConfiguration;
			baseConfigurationReference = 2D764C2926C49371A66B7AF6 /* Pods-FirePerfect.debug.xcconfig */;
			buildSettings = {
				ASSETCATALOG_COMPILER_APPICON_NAME = AppIcon;
				ASSETCATALOG_COMPILER_GLOBAL_ACCENT_COLOR_NAME = AccentColor;
				CODE_SIGN_STYLE = Automatic;
				CURRENT_PROJECT_VERSION = 1;
				DEVELOPMENT_ASSET_PATHS = "\"FirePerfect/Preview Content\"";
				ENABLE_PREVIEWS = YES;
				GENERATE_INFOPLIST_FILE = YES;
				INFOPLIST_KEY_UIApplicationSceneManifest_Generation = YES;
				INFOPLIST_KEY_UIApplicationSupportsIndirectInputEvents = YES;
				INFOPLIST_KEY_UILaunchScreen_Generation = YES;
				INFOPLIST_KEY_UISupportedInterfaceOrientations_iPad = "UIInterfaceOrientationPortrait UIInterfaceOrientationPortraitUpsideDown UIInterfaceOrientationLandscapeLeft UIInterfaceOrientationLandscapeRight";
				INFOPLIST_KEY_UISupportedInterfaceOrientations_iPhone = "UIInterfaceOrientationPortrait UIInterfaceOrientationLandscapeLeft UIInterfaceOrientationLandscapeRight";
				IPHONEOS_DEPLOYMENT_TARGET = 14.0;
				LD_RUNPATH_SEARCH_PATHS = (
					"$(inherited)",
					"@executable_path/Frameworks",
				);
				MARKETING_VERSION = 1.0;
				PRODUCT_BUNDLE_IDENTIFIER = www.FirePerfect;
				PRODUCT_NAME = "$(TARGET_NAME)";
				SWIFT_EMIT_LOC_STRINGS = YES;
				SWIFT_VERSION = 5.0;
				TARGETED_DEVICE_FAMILY = "1,2";
			};
			name = Debug;
		};
		AB59DF3E271AD1B200B4A1B2 /* Release */ = {
			isa = XCBuildConfiguration;
			baseConfigurationReference = 9577A910C658898AB54645AB /* Pods-FirePerfect.release.xcconfig */;
			buildSettings = {
				ASSETCATALOG_COMPILER_APPICON_NAME = AppIcon;
				ASSETCATALOG_COMPILER_GLOBAL_ACCENT_COLOR_NAME = AccentColor;
				CODE_SIGN_STYLE = Automatic;
				CURRENT_PROJECT_VERSION = 1;
				DEVELOPMENT_ASSET_PATHS = "\"FirePerfect/Preview Content\"";
				ENABLE_PREVIEWS = YES;
				GENERATE_INFOPLIST_FILE = YES;
				INFOPLIST_KEY_UIApplicationSceneManifest_Generation = YES;
				INFOPLIST_KEY_UIApplicationSupportsIndirectInputEvents = YES;
				INFOPLIST_KEY_UILaunchScreen_Generation = YES;
				INFOPLIST_KEY_UISupportedInterfaceOrientations_iPad = "UIInterfaceOrientationPortrait UIInterfaceOrientationPortraitUpsideDown UIInterfaceOrientationLandscapeLeft UIInterfaceOrientationLandscapeRight";
				INFOPLIST_KEY_UISupportedInterfaceOrientations_iPhone = "UIInterfaceOrientationPortrait UIInterfaceOrientationLandscapeLeft UIInterfaceOrientationLandscapeRight";
				IPHONEOS_DEPLOYMENT_TARGET = 14.0;
				LD_RUNPATH_SEARCH_PATHS = (
					"$(inherited)",
					"@executable_path/Frameworks",
				);
				MARKETING_VERSION = 1.0;
				PRODUCT_BUNDLE_IDENTIFIER = www.FirePerfect;
				PRODUCT_NAME = "$(TARGET_NAME)";
				SWIFT_EMIT_LOC_STRINGS = YES;
				SWIFT_VERSION = 5.0;
				TARGETED_DEVICE_FAMILY = "1,2";
			};
			name = Release;
		};
		AB59DF40271AD1B200B4A1B2 /* Debug */ = {
			isa = XCBuildConfiguration;
			baseConfigurationReference = 56931658B32C68F139FCE1CC /* Pods-FirePerfectTests.debug.xcconfig */;
			buildSettings = {
				ALWAYS_EMBED_SWIFT_STANDARD_LIBRARIES = YES;
				BUNDLE_LOADER = "$(TEST_HOST)";
				CODE_SIGN_STYLE = Automatic;
				CURRENT_PROJECT_VERSION = 1;
				GENERATE_INFOPLIST_FILE = YES;
				IPHONEOS_DEPLOYMENT_TARGET = 14.0;
				LD_RUNPATH_SEARCH_PATHS = (
					"$(inherited)",
					"@executable_path/Frameworks",
					"@loader_path/Frameworks",
				);
				MARKETING_VERSION = 1.0;
				PRODUCT_BUNDLE_IDENTIFIER = www.FirePerfectTests;
				PRODUCT_NAME = "$(TARGET_NAME)";
				SWIFT_EMIT_LOC_STRINGS = NO;
				SWIFT_VERSION = 5.0;
				TARGETED_DEVICE_FAMILY = "1,2";
				TEST_HOST = "$(BUILT_PRODUCTS_DIR)/FirePerfect.app/FirePerfect";
			};
			name = Debug;
		};
		AB59DF41271AD1B200B4A1B2 /* Release */ = {
			isa = XCBuildConfiguration;
			baseConfigurationReference = F51BF9BE6A0E449B5BA372BD /* Pods-FirePerfectTests.release.xcconfig */;
			buildSettings = {
				ALWAYS_EMBED_SWIFT_STANDARD_LIBRARIES = YES;
				BUNDLE_LOADER = "$(TEST_HOST)";
				CODE_SIGN_STYLE = Automatic;
				CURRENT_PROJECT_VERSION = 1;
				GENERATE_INFOPLIST_FILE = YES;
				IPHONEOS_DEPLOYMENT_TARGET = 14.0;
				LD_RUNPATH_SEARCH_PATHS = (
					"$(inherited)",
					"@executable_path/Frameworks",
					"@loader_path/Frameworks",
				);
				MARKETING_VERSION = 1.0;
				PRODUCT_BUNDLE_IDENTIFIER = www.FirePerfectTests;
				PRODUCT_NAME = "$(TARGET_NAME)";
				SWIFT_EMIT_LOC_STRINGS = NO;
				SWIFT_VERSION = 5.0;
				TARGETED_DEVICE_FAMILY = "1,2";
				TEST_HOST = "$(BUILT_PRODUCTS_DIR)/FirePerfect.app/FirePerfect";
			};
			name = Release;
		};
		AB59DF43271AD1B200B4A1B2 /* Debug */ = {
			isa = XCBuildConfiguration;
			baseConfigurationReference = 8247A65FFE7DFD06700727A3 /* Pods-FirePerfect-FirePerfectUITests.debug.xcconfig */;
			buildSettings = {
				ALWAYS_EMBED_SWIFT_STANDARD_LIBRARIES = YES;
				CODE_SIGN_STYLE = Automatic;
				CURRENT_PROJECT_VERSION = 1;
				GENERATE_INFOPLIST_FILE = YES;
				LD_RUNPATH_SEARCH_PATHS = (
					"$(inherited)",
					"@executable_path/Frameworks",
					"@loader_path/Frameworks",
				);
				MARKETING_VERSION = 1.0;
				PRODUCT_BUNDLE_IDENTIFIER = www.FirePerfectUITests;
				PRODUCT_NAME = "$(TARGET_NAME)";
				SWIFT_EMIT_LOC_STRINGS = NO;
				SWIFT_VERSION = 5.0;
				TARGETED_DEVICE_FAMILY = "1,2";
				TEST_TARGET_NAME = FirePerfect;
			};
			name = Debug;
		};
		AB59DF44271AD1B200B4A1B2 /* Release */ = {
			isa = XCBuildConfiguration;
			baseConfigurationReference = E2B721922E5ACEFC322144C8 /* Pods-FirePerfect-FirePerfectUITests.release.xcconfig */;
			buildSettings = {
				ALWAYS_EMBED_SWIFT_STANDARD_LIBRARIES = YES;
				CODE_SIGN_STYLE = Automatic;
				CURRENT_PROJECT_VERSION = 1;
				GENERATE_INFOPLIST_FILE = YES;
				LD_RUNPATH_SEARCH_PATHS = (
					"$(inherited)",
					"@executable_path/Frameworks",
					"@loader_path/Frameworks",
				);
				MARKETING_VERSION = 1.0;
				PRODUCT_BUNDLE_IDENTIFIER = www.FirePerfectUITests;
				PRODUCT_NAME = "$(TARGET_NAME)";
				SWIFT_EMIT_LOC_STRINGS = NO;
				SWIFT_VERSION = 5.0;
				TARGETED_DEVICE_FAMILY = "1,2";
				TEST_TARGET_NAME = FirePerfect;
			};
			name = Release;
		};
/* End XCBuildConfiguration section */

/* Begin XCConfigurationList section */
		AB59DF0E271AD1B100B4A1B2 /* Build configuration list for PBXProject "FirePerfect" */ = {
			isa = XCConfigurationList;
			buildConfigurations = (
				AB59DF3A271AD1B200B4A1B2 /* Debug */,
				AB59DF3B271AD1B200B4A1B2 /* Release */,
			);
			defaultConfigurationIsVisible = 0;
			defaultConfigurationName = Release;
		};
		AB59DF3C271AD1B200B4A1B2 /* Build configuration list for PBXNativeTarget "FirePerfect" */ = {
			isa = XCConfigurationList;
			buildConfigurations = (
				AB59DF3D271AD1B200B4A1B2 /* Debug */,
				AB59DF3E271AD1B200B4A1B2 /* Release */,
			);
			defaultConfigurationIsVisible = 0;
			defaultConfigurationName = Release;
		};
		AB59DF3F271AD1B200B4A1B2 /* Build configuration list for PBXNativeTarget "FirePerfectTests" */ = {
			isa = XCConfigurationList;
			buildConfigurations = (
				AB59DF40271AD1B200B4A1B2 /* Debug */,
				AB59DF41271AD1B200B4A1B2 /* Release */,
			);
			defaultConfigurationIsVisible = 0;
			defaultConfigurationName = Release;
		};
		AB59DF42271AD1B200B4A1B2 /* Build configuration list for PBXNativeTarget "FirePerfectUITests" */ = {
			isa = XCConfigurationList;
			buildConfigurations = (
				AB59DF43271AD1B200B4A1B2 /* Debug */,
				AB59DF44271AD1B200B4A1B2 /* Release */,
			);
			defaultConfigurationIsVisible = 0;
			defaultConfigurationName = Release;
		};
/* End XCConfigurationList section */

/* Begin XCVersionGroup section */
		AB59DF21271AD1B200B4A1B2 /* FirePerfect.xcdatamodeld */ = {
			isa = XCVersionGroup;
			children = (
				AB59DF22271AD1B200B4A1B2 /* FirePerfect.xcdatamodel */,
			);
			currentVersion = AB59DF22271AD1B200B4A1B2 /* FirePerfect.xcdatamodel */;
			path = FirePerfect.xcdatamodeld;
			sourceTree = "<group>";
			versionGroupType = wrapper.xcdatamodel;
		};
/* End XCVersionGroup section */
	};
	rootObject = AB59DF0B271AD1B100B4A1B2 /* Project object */;
}
